
Microsoft Visual Studio Solution File, Format Version 12.00
# Visual Studio Version 17
VisualStudioVersion = 17.8.34511.84
MinimumVisualStudioVersion = 10.0.40219.1
Project("{FAE04EC0-301F-11D3-BF4B-00C04F79EFBC}") = "COMP003A.Assignment5", "COMP003A.Assignment5\COMP003A.Assignment5.csproj", "{30CA2415-0BF1-4D88-A6C2-3265FC589F3C}"
EndProject
Global
	GlobalSection(SolutionConfigurationPlatforms) = preSolution
		Debug|Any CPU = Debug|Any CPU
		Release|Any CPU = Release|Any CPU
	EndGlobalSection
	GlobalSection(ProjectConfigurationPlatforms) = postSolution
		{30CA2415-0BF1-4D88-A6C2-3265FC589F3C}.Debug|Any CPU.ActiveCfg = Debug|Any CPU
		{30CA2415-0BF1-4D88-A6C2-3265FC589F3C}.Debug|Any CPU.Build.0 = Debug|Any CPU
		{30CA2415-0BF1-4D88-A6C2-3265FC589F3C}.Release|Any CPU.ActiveCfg = Release|Any CPU
		{30CA2415-0BF1-4D88-A6C2-3265FC589F3C}.Release|Any CPU.Build.0 = Release|Any CPU
	EndGlobalSection
	GlobalSection(SolutionProperties) = preSolution
		HideSolutionNode = FALSE
	EndGlobalSection
	GlobalSection(ExtensibilityGlobals) = postSolution
		SolutionGuid = {043902EE-D7F3-4059-909F-A4A124E80428}
	EndGlobalSection
EndGlobal
